
Microsoft Visual Studio Solution File, Format Version 12.00
# Visual Studio Version 17
VisualStudioVersion = 17.4.33213.308
MinimumVisualStudioVersion = 10.0.40219.1
Project("{FAE04EC0-301F-11D3-BF4B-00C04F79EFBC}") = "Sort An Array", "Sort An Array\Sort An Array.csproj", "{35B89B91-4902-4436-8D80-22CDCE1489C0}"
EndProject
Global
	GlobalSection(SolutionConfigurationPlatforms) = preSolution
		Debug|Any CPU = Debug|Any CPU
		Release|Any CPU = Release|Any CPU
	EndGlobalSection
	GlobalSection(ProjectConfigurationPlatforms) = postSolution
		{35B89B91-4902-4436-8D80-22CDCE1489C0}.Debug|Any CPU.ActiveCfg = Debug|Any CPU
		{35B89B91-4902-4436-8D80-22CDCE1489C0}.Debug|Any CPU.Build.0 = Debug|Any CPU
		{35B89B91-4902-4436-8D80-22CDCE1489C0}.Release|Any CPU.ActiveCfg = Release|Any CPU
		{35B89B91-4902-4436-8D80-22CDCE1489C0}.Release|Any CPU.Build.0 = Release|Any CPU
	EndGlobalSection
	GlobalSection(SolutionProperties) = preSolution
		HideSolutionNode = FALSE
	EndGlobalSection
	GlobalSection(ExtensibilityGlobals) = postSolution
		SolutionGuid = {B664D7E7-B12B-4010-A9C0-8A06EC76230F}
	EndGlobalSection
EndGlobal
